// !$*UTF8*$!
{
	archiveVersion = 1;
	classes = {
	};
	objectVersion = 50;
	objects = {

/* Begin PBXBuildFile section */
		4A1F23B221B07528000D272B /* SQLite.framework in Frameworks */ = {isa = PBXBuildFile; fileRef = 4A1F23B121B07528000D272B /* SQLite.framework */; };
		4A1F23B321B07528000D272B /* SQLite.framework in Embed Frameworks */ = {isa = PBXBuildFile; fileRef = 4A1F23B121B07528000D272B /* SQLite.framework */; settings = {ATTRIBUTES = (CodeSignOnCopy, RemoveHeadersOnCopy, ); }; };
		4A1F23B621B0753E000D272B /* Swifter.framework in Frameworks */ = {isa = PBXBuildFile; fileRef = 4A1F23B521B0753E000D272B /* Swifter.framework */; };
		4A1F23B721B0753E000D272B /* Swifter.framework in Embed Frameworks */ = {isa = PBXBuildFile; fileRef = 4A1F23B521B0753E000D272B /* Swifter.framework */; settings = {ATTRIBUTES = (CodeSignOnCopy, RemoveHeadersOnCopy, ); }; };
		4A1F23BF21B075FD000D272B /* AppDelegate.swift in Sources */ = {isa = PBXBuildFile; fileRef = 4A1F23BE21B075FD000D272B /* AppDelegate.swift */; };
		4A1F23C421B075FD000D272B /* Main.storyboard in Resources */ = {isa = PBXBuildFile; fileRef = 4A1F23C221B075FD000D272B /* Main.storyboard */; };
		4A1F23C621B075FE000D272B /* Assets.xcassets in Resources */ = {isa = PBXBuildFile; fileRef = 4A1F23C521B075FE000D272B /* Assets.xcassets */; };
		4A1F23C921B075FE000D272B /* LaunchScreen.storyboard in Resources */ = {isa = PBXBuildFile; fileRef = 4A1F23C721B075FE000D272B /* LaunchScreen.storyboard */; };
		4A1F23D421B075FE000D272B /* LavaClientTests.swift in Sources */ = {isa = PBXBuildFile; fileRef = 4A1F23D321B075FE000D272B /* LavaClientTests.swift */; };
		4A1F23DC21B07615000D272B /* Order.swift in Sources */ = {isa = PBXBuildFile; fileRef = 4AC2718021ACAB500074E1A0 /* Order.swift */; };
		4A1F23DD21B0761B000D272B /* Profile.swift in Sources */ = {isa = PBXBuildFile; fileRef = 4AC2718221ACB32F0074E1A0 /* Profile.swift */; };
		4A2A605321DFFA35001D5DD9 /* SignInViewController.swift in Sources */ = {isa = PBXBuildFile; fileRef = 4A2A605221DFFA35001D5DD9 /* SignInViewController.swift */; };
		4A3CA38021BEFC06005C7697 /* OpenOrdersTableViewController.swift in Sources */ = {isa = PBXBuildFile; fileRef = 4A3CA37F21BEFC06005C7697 /* OpenOrdersTableViewController.swift */; };
		4A3CA38221BEFE02005C7697 /* OpenOrderTableViewCell.swift in Sources */ = {isa = PBXBuildFile; fileRef = 4A3CA38121BEFE02005C7697 /* OpenOrderTableViewCell.swift */; };
		4A821E8521C1AB830077186F /* OrderDetailViewController.swift in Sources */ = {isa = PBXBuildFile; fileRef = 4A821E8421C1AB830077186F /* OrderDetailViewController.swift */; };
		4A821E8721C1AC100077186F /* NewOrderViewController.swift in Sources */ = {isa = PBXBuildFile; fileRef = 4A821E8621C1AC100077186F /* NewOrderViewController.swift */; };
		4A85363A21BF36F000CD40D4 /* DashboardViewController.swift in Sources */ = {isa = PBXBuildFile; fileRef = 4A85363921BF36F000CD40D4 /* DashboardViewController.swift */; };
		4AC2715F21ACA2AF0074E1A0 /* AppDelegate.swift in Sources */ = {isa = PBXBuildFile; fileRef = 4AC2715E21ACA2AF0074E1A0 /* AppDelegate.swift */; };
		4AC2716121ACA2AF0074E1A0 /* ViewController.swift in Sources */ = {isa = PBXBuildFile; fileRef = 4AC2716021ACA2AF0074E1A0 /* ViewController.swift */; };
		4AC2716421ACA2AF0074E1A0 /* Main.storyboard in Resources */ = {isa = PBXBuildFile; fileRef = 4AC2716221ACA2AF0074E1A0 /* Main.storyboard */; };
		4AC2716621ACA2B00074E1A0 /* Assets.xcassets in Resources */ = {isa = PBXBuildFile; fileRef = 4AC2716521ACA2B00074E1A0 /* Assets.xcassets */; };
		4AC2716921ACA2B00074E1A0 /* LaunchScreen.storyboard in Resources */ = {isa = PBXBuildFile; fileRef = 4AC2716721ACA2B00074E1A0 /* LaunchScreen.storyboard */; };
		4AC2717421ACA2B00074E1A0 /* LavaTests.swift in Sources */ = {isa = PBXBuildFile; fileRef = 4AC2717321ACA2B00074E1A0 /* LavaTests.swift */; };
		4AC2718121ACAB500074E1A0 /* Order.swift in Sources */ = {isa = PBXBuildFile; fileRef = 4AC2718021ACAB500074E1A0 /* Order.swift */; };
		4AC2718321ACB32F0074E1A0 /* Profile.swift in Sources */ = {isa = PBXBuildFile; fileRef = 4AC2718221ACB32F0074E1A0 /* Profile.swift */; };
		4AEB10EC21B0659900977249 /* LaundryService.swift in Sources */ = {isa = PBXBuildFile; fileRef = 4AEB10EB21B0659900977249 /* LaundryService.swift */; };
		6D3467B921B9B5B10035D8D4 /* LaundryServerTableViewController.swift in Sources */ = {isa = PBXBuildFile; fileRef = 6D3467B821B9B5B10035D8D4 /* LaundryServerTableViewController.swift */; };
		EB1A7C5E21C04DC8005E11BA /* ClientRequests.swift in Sources */ = {isa = PBXBuildFile; fileRef = EB1A7C5D21C04DC8005E11BA /* ClientRequests.swift */; };
/* End PBXBuildFile section */

/* Begin PBXContainerItemProxy section */
		4A1F23D021B075FE000D272B /* PBXContainerItemProxy */ = {
			isa = PBXContainerItemProxy;
			containerPortal = 4AC2715321ACA2AF0074E1A0 /* Project object */;
			proxyType = 1;
			remoteGlobalIDString = 4A1F23BB21B075FD000D272B;
			remoteInfo = LavaClient;
		};
		4AC2717021ACA2B00074E1A0 /* PBXContainerItemProxy */ = {
			isa = PBXContainerItemProxy;
			containerPortal = 4AC2715321ACA2AF0074E1A0 /* Project object */;
			proxyType = 1;
			remoteGlobalIDString = 4AC2715A21ACA2AF0074E1A0;
			remoteInfo = Lava;
		};
/* End PBXContainerItemProxy section */

/* Begin PBXCopyFilesBuildPhase section */
		4A1F23B421B07528000D272B /* Embed Frameworks */ = {
			isa = PBXCopyFilesBuildPhase;
			buildActionMask = 2147483647;
			dstPath = "";
			dstSubfolderSpec = 10;
			files = (
				4A1F23B321B07528000D272B /* SQLite.framework in Embed Frameworks */,
				4A1F23B721B0753E000D272B /* Swifter.framework in Embed Frameworks */,
			);
			name = "Embed Frameworks";
			runOnlyForDeploymentPostprocessing = 0;
		};
/* End PBXCopyFilesBuildPhase section */

/* Begin PBXFileReference section */
		4A1F23B121B07528000D272B /* SQLite.framework */ = {isa = PBXFileReference; explicitFileType = wrapper.framework; path = SQLite.framework; sourceTree = BUILT_PRODUCTS_DIR; };
		4A1F23B521B0753E000D272B /* Swifter.framework */ = {isa = PBXFileReference; explicitFileType = wrapper.framework; path = Swifter.framework; sourceTree = BUILT_PRODUCTS_DIR; };
		4A1F23BC21B075FD000D272B /* LavaClient.app */ = {isa = PBXFileReference; explicitFileType = wrapper.application; includeInIndex = 0; path = LavaClient.app; sourceTree = BUILT_PRODUCTS_DIR; };
		4A1F23BE21B075FD000D272B /* AppDelegate.swift */ = {isa = PBXFileReference; lastKnownFileType = sourcecode.swift; path = AppDelegate.swift; sourceTree = "<group>"; };
		4A1F23C321B075FD000D272B /* Base */ = {isa = PBXFileReference; lastKnownFileType = file.storyboard; name = Base; path = Base.lproj/Main.storyboard; sourceTree = "<group>"; };
		4A1F23C521B075FE000D272B /* Assets.xcassets */ = {isa = PBXFileReference; lastKnownFileType = folder.assetcatalog; path = Assets.xcassets; sourceTree = "<group>"; };
		4A1F23C821B075FE000D272B /* Base */ = {isa = PBXFileReference; lastKnownFileType = file.storyboard; name = Base; path = Base.lproj/LaunchScreen.storyboard; sourceTree = "<group>"; };
		4A1F23CA21B075FE000D272B /* Info.plist */ = {isa = PBXFileReference; lastKnownFileType = text.plist.xml; path = Info.plist; sourceTree = "<group>"; };
		4A1F23CF21B075FE000D272B /* LavaClientTests.xctest */ = {isa = PBXFileReference; explicitFileType = wrapper.cfbundle; includeInIndex = 0; path = LavaClientTests.xctest; sourceTree = BUILT_PRODUCTS_DIR; };
		4A1F23D321B075FE000D272B /* LavaClientTests.swift */ = {isa = PBXFileReference; lastKnownFileType = sourcecode.swift; path = LavaClientTests.swift; sourceTree = "<group>"; };
		4A1F23D521B075FE000D272B /* Info.plist */ = {isa = PBXFileReference; lastKnownFileType = text.plist.xml; path = Info.plist; sourceTree = "<group>"; };
		4A2A605221DFFA35001D5DD9 /* SignInViewController.swift */ = {isa = PBXFileReference; lastKnownFileType = sourcecode.swift; path = SignInViewController.swift; sourceTree = "<group>"; };
		4A3CA37F21BEFC06005C7697 /* OpenOrdersTableViewController.swift */ = {isa = PBXFileReference; lastKnownFileType = sourcecode.swift; path = OpenOrdersTableViewController.swift; sourceTree = "<group>"; };
		4A3CA38121BEFE02005C7697 /* OpenOrderTableViewCell.swift */ = {isa = PBXFileReference; lastKnownFileType = sourcecode.swift; path = OpenOrderTableViewCell.swift; sourceTree = "<group>"; };
		4A821E8421C1AB830077186F /* OrderDetailViewController.swift */ = {isa = PBXFileReference; lastKnownFileType = sourcecode.swift; path = OrderDetailViewController.swift; sourceTree = "<group>"; };
		4A821E8621C1AC100077186F /* NewOrderViewController.swift */ = {isa = PBXFileReference; lastKnownFileType = sourcecode.swift; path = NewOrderViewController.swift; sourceTree = "<group>"; };
		4A85363921BF36F000CD40D4 /* DashboardViewController.swift */ = {isa = PBXFileReference; lastKnownFileType = sourcecode.swift; path = DashboardViewController.swift; sourceTree = "<group>"; };
		4AC2715B21ACA2AF0074E1A0 /* Lava.app */ = {isa = PBXFileReference; explicitFileType = wrapper.application; includeInIndex = 0; path = Lava.app; sourceTree = BUILT_PRODUCTS_DIR; };
		4AC2715E21ACA2AF0074E1A0 /* AppDelegate.swift */ = {isa = PBXFileReference; lastKnownFileType = sourcecode.swift; path = AppDelegate.swift; sourceTree = "<group>"; };
		4AC2716021ACA2AF0074E1A0 /* ViewController.swift */ = {isa = PBXFileReference; lastKnownFileType = sourcecode.swift; path = ViewController.swift; sourceTree = "<group>"; };
		4AC2716321ACA2AF0074E1A0 /* Base */ = {isa = PBXFileReference; lastKnownFileType = file.storyboard; name = Base; path = Base.lproj/Main.storyboard; sourceTree = "<group>"; };
		4AC2716521ACA2B00074E1A0 /* Assets.xcassets */ = {isa = PBXFileReference; lastKnownFileType = folder.assetcatalog; path = Assets.xcassets; sourceTree = "<group>"; };
		4AC2716821ACA2B00074E1A0 /* Base */ = {isa = PBXFileReference; lastKnownFileType = file.storyboard; name = Base; path = Base.lproj/LaunchScreen.storyboard; sourceTree = "<group>"; };
		4AC2716A21ACA2B00074E1A0 /* Info.plist */ = {isa = PBXFileReference; lastKnownFileType = text.plist.xml; path = Info.plist; sourceTree = "<group>"; };
		4AC2716F21ACA2B00074E1A0 /* LavaTests.xctest */ = {isa = PBXFileReference; explicitFileType = wrapper.cfbundle; includeInIndex = 0; path = LavaTests.xctest; sourceTree = BUILT_PRODUCTS_DIR; };
		4AC2717321ACA2B00074E1A0 /* LavaTests.swift */ = {isa = PBXFileReference; lastKnownFileType = sourcecode.swift; path = LavaTests.swift; sourceTree = "<group>"; };
		4AC2717521ACA2B00074E1A0 /* Info.plist */ = {isa = PBXFileReference; lastKnownFileType = text.plist.xml; path = Info.plist; sourceTree = "<group>"; };
		4AC2717F21ACA4010074E1A0 /* README.md */ = {isa = PBXFileReference; lastKnownFileType = net.daringfireball.markdown; path = README.md; sourceTree = "<group>"; };
		4AC2718021ACAB500074E1A0 /* Order.swift */ = {isa = PBXFileReference; lastKnownFileType = sourcecode.swift; path = Order.swift; sourceTree = "<group>"; };
		4AC2718221ACB32F0074E1A0 /* Profile.swift */ = {isa = PBXFileReference; lastKnownFileType = sourcecode.swift; path = Profile.swift; sourceTree = "<group>"; };
		4AEB10EB21B0659900977249 /* LaundryService.swift */ = {isa = PBXFileReference; lastKnownFileType = sourcecode.swift; path = LaundryService.swift; sourceTree = "<group>"; };
		6D3467B821B9B5B10035D8D4 /* LaundryServerTableViewController.swift */ = {isa = PBXFileReference; lastKnownFileType = sourcecode.swift; path = LaundryServerTableViewController.swift; sourceTree = "<group>"; };
		EB1A7C5D21C04DC8005E11BA /* ClientRequests.swift */ = {isa = PBXFileReference; lastKnownFileType = sourcecode.swift; path = ClientRequests.swift; sourceTree = "<group>"; };
/* End PBXFileReference section */

/* Begin PBXFrameworksBuildPhase section */
		4A1F23B921B075FD000D272B /* Frameworks */ = {
			isa = PBXFrameworksBuildPhase;
			buildActionMask = 2147483647;
			files = (
			);
			runOnlyForDeploymentPostprocessing = 0;
		};
		4A1F23CC21B075FE000D272B /* Frameworks */ = {
			isa = PBXFrameworksBuildPhase;
			buildActionMask = 2147483647;
			files = (
			);
			runOnlyForDeploymentPostprocessing = 0;
		};
		4AC2715821ACA2AF0074E1A0 /* Frameworks */ = {
			isa = PBXFrameworksBuildPhase;
			buildActionMask = 2147483647;
			files = (
				4A1F23B221B07528000D272B /* SQLite.framework in Frameworks */,
				4A1F23B621B0753E000D272B /* Swifter.framework in Frameworks */,
			);
			runOnlyForDeploymentPostprocessing = 0;
		};
		4AC2716C21ACA2B00074E1A0 /* Frameworks */ = {
			isa = PBXFrameworksBuildPhase;
			buildActionMask = 2147483647;
			files = (
			);
			runOnlyForDeploymentPostprocessing = 0;
		};
/* End PBXFrameworksBuildPhase section */

/* Begin PBXGroup section */
		4A1F23BD21B075FD000D272B /* LavaClient */ = {
			isa = PBXGroup;
			children = (
				4A1F23C221B075FD000D272B /* Main.storyboard */,
				4A821E8621C1AC100077186F /* NewOrderViewController.swift */,
				4A821E8421C1AB830077186F /* OrderDetailViewController.swift */,
				4A85363921BF36F000CD40D4 /* DashboardViewController.swift */,
				4A3CA37F21BEFC06005C7697 /* OpenOrdersTableViewController.swift */,
				4A3CA38121BEFE02005C7697 /* OpenOrderTableViewCell.swift */,
				EB1A7C5D21C04DC8005E11BA /* ClientRequests.swift */,
				4A2A605221DFFA35001D5DD9 /* SignInViewController.swift */,
				4A1F23CA21B075FE000D272B /* Info.plist */,
				4A85363B21BF383600CD40D4 /* supporting */,
			);
			path = LavaClient;
			sourceTree = "<group>";
		};
		4A1F23D221B075FE000D272B /* LavaClientTests */ = {
			isa = PBXGroup;
			children = (
				4AC2717221ACA2B00074E1A0 /* LavaTests */,
				4A1F23D321B075FE000D272B /* LavaClientTests.swift */,
				4A1F23D521B075FE000D272B /* Info.plist */,
			);
			path = LavaClientTests;
			sourceTree = "<group>";
		};
		4A85363B21BF383600CD40D4 /* supporting */ = {
			isa = PBXGroup;
			children = (
				4A1F23BE21B075FD000D272B /* AppDelegate.swift */,
				4A1F23C521B075FE000D272B /* Assets.xcassets */,
				4A1F23C721B075FE000D272B /* LaunchScreen.storyboard */,
			);
			path = supporting;
			sourceTree = "<group>";
		};
		4AC2715221ACA2AF0074E1A0 = {
			isa = PBXGroup;
			children = (
				4A1F23B521B0753E000D272B /* Swifter.framework */,
				4A1F23B121B07528000D272B /* SQLite.framework */,
				4AC2715D21ACA2AF0074E1A0 /* Lava */,
				4A1F23BD21B075FD000D272B /* LavaClient */,
				4A1F23D221B075FE000D272B /* LavaClientTests */,
				4AC2715C21ACA2AF0074E1A0 /* Products */,
			);
			sourceTree = "<group>";
		};
		4AC2715C21ACA2AF0074E1A0 /* Products */ = {
			isa = PBXGroup;
			children = (
				4AC2715B21ACA2AF0074E1A0 /* Lava.app */,
				4AC2716F21ACA2B00074E1A0 /* LavaTests.xctest */,
				4A1F23BC21B075FD000D272B /* LavaClient.app */,
				4A1F23CF21B075FE000D272B /* LavaClientTests.xctest */,
			);
			name = Products;
			sourceTree = "<group>";
		};
		4AC2715D21ACA2AF0074E1A0 /* Lava */ = {
			isa = PBXGroup;
			children = (
				4AC2717F21ACA4010074E1A0 /* README.md */,
				4AEB10EE21B065CC00977249 /* Model */,
				4AEB10ED21B065A100977249 /* Server */,
				4AC2716021ACA2AF0074E1A0 /* ViewController.swift */,
				4AC2716221ACA2AF0074E1A0 /* Main.storyboard */,
				4AC2716721ACA2B00074E1A0 /* LaunchScreen.storyboard */,
				4AC2716A21ACA2B00074E1A0 /* Info.plist */,
				4AC2717E21ACA2D50074E1A0 /* supportingFiles */,
			);
			path = Lava;
			sourceTree = "<group>";
		};
		4AC2717221ACA2B00074E1A0 /* LavaTests */ = {
			isa = PBXGroup;
			children = (
				4AC2717321ACA2B00074E1A0 /* LavaTests.swift */,
				4AC2717521ACA2B00074E1A0 /* Info.plist */,
			);
			path = LavaTests;
			sourceTree = "<group>";
		};
		4AC2717E21ACA2D50074E1A0 /* supportingFiles */ = {
			isa = PBXGroup;
			children = (
				4AC2715E21ACA2AF0074E1A0 /* AppDelegate.swift */,
				4AC2716521ACA2B00074E1A0 /* Assets.xcassets */,
			);
			path = supportingFiles;
			sourceTree = "<group>";
		};
		4AEB10ED21B065A100977249 /* Server */ = {
			isa = PBXGroup;
			children = (
				4AEB10EB21B0659900977249 /* LaundryService.swift */,
				6D3467B821B9B5B10035D8D4 /* LaundryServerTableViewController.swift */,
			);
			path = Server;
			sourceTree = "<group>";
		};
		4AEB10EE21B065CC00977249 /* Model */ = {
			isa = PBXGroup;
			children = (
				4AC2718021ACAB500074E1A0 /* Order.swift */,
				4AC2718221ACB32F0074E1A0 /* Profile.swift */,
			);
			path = Model;
			sourceTree = "<group>";
		};
/* End PBXGroup section */

/* Begin PBXNativeTarget section */
		4A1F23BB21B075FD000D272B /* LavaClient */ = {
			isa = PBXNativeTarget;
			buildConfigurationList = 4A1F23DA21B075FE000D272B /* Build configuration list for PBXNativeTarget "LavaClient" */;
			buildPhases = (
				4A1F23B821B075FD000D272B /* Sources */,
				4A1F23B921B075FD000D272B /* Frameworks */,
				4A1F23BA21B075FD000D272B /* Resources */,
			);
			buildRules = (
			);
			dependencies = (
			);
			name = LavaClient;
			productName = LavaClient;
			productReference = 4A1F23BC21B075FD000D272B /* LavaClient.app */;
			productType = "com.apple.product-type.application";
		};
		4A1F23CE21B075FE000D272B /* LavaClientTests */ = {
			isa = PBXNativeTarget;
			buildConfigurationList = 4A1F23DB21B075FE000D272B /* Build configuration list for PBXNativeTarget "LavaClientTests" */;
			buildPhases = (
				4A1F23CB21B075FE000D272B /* Sources */,
				4A1F23CC21B075FE000D272B /* Frameworks */,
				4A1F23CD21B075FE000D272B /* Resources */,
			);
			buildRules = (
			);
			dependencies = (
				4A1F23D121B075FE000D272B /* PBXTargetDependency */,
			);
			name = LavaClientTests;
			productName = LavaClientTests;
			productReference = 4A1F23CF21B075FE000D272B /* LavaClientTests.xctest */;
			productType = "com.apple.product-type.bundle.unit-test";
		};
		4AC2715A21ACA2AF0074E1A0 /* Lava */ = {
			isa = PBXNativeTarget;
			buildConfigurationList = 4AC2717821ACA2B00074E1A0 /* Build configuration list for PBXNativeTarget "Lava" */;
			buildPhases = (
				4AC2715721ACA2AF0074E1A0 /* Sources */,
				4AC2715821ACA2AF0074E1A0 /* Frameworks */,
				4AC2715921ACA2AF0074E1A0 /* Resources */,
				4A1F23B421B07528000D272B /* Embed Frameworks */,
			);
			buildRules = (
			);
			dependencies = (
			);
			name = Lava;
			productName = Lava;
			productReference = 4AC2715B21ACA2AF0074E1A0 /* Lava.app */;
			productType = "com.apple.product-type.application";
		};
		4AC2716E21ACA2B00074E1A0 /* LavaTests */ = {
			isa = PBXNativeTarget;
			buildConfigurationList = 4AC2717B21ACA2B00074E1A0 /* Build configuration list for PBXNativeTarget "LavaTests" */;
			buildPhases = (
				4AC2716B21ACA2B00074E1A0 /* Sources */,
				4AC2716C21ACA2B00074E1A0 /* Frameworks */,
				4AC2716D21ACA2B00074E1A0 /* Resources */,
			);
			buildRules = (
			);
			dependencies = (
				4AC2717121ACA2B00074E1A0 /* PBXTargetDependency */,
			);
			name = LavaTests;
			productName = LavaTests;
			productReference = 4AC2716F21ACA2B00074E1A0 /* LavaTests.xctest */;
			productType = "com.apple.product-type.bundle.unit-test";
		};
/* End PBXNativeTarget section */

/* Begin PBXProject section */
		4AC2715321ACA2AF0074E1A0 /* Project object */ = {
			isa = PBXProject;
			attributes = {
				LastSwiftUpdateCheck = 0940;
				LastUpgradeCheck = 0940;
				ORGANIZATIONNAME = JavinCo;
				TargetAttributes = {
					4A1F23BB21B075FD000D272B = {
						CreatedOnToolsVersion = 9.4.1;
					};
					4A1F23CE21B075FE000D272B = {
						CreatedOnToolsVersion = 9.4.1;
						TestTargetID = 4A1F23BB21B075FD000D272B;
					};
					4AC2715A21ACA2AF0074E1A0 = {
						CreatedOnToolsVersion = 9.4.1;
					};
					4AC2716E21ACA2B00074E1A0 = {
						CreatedOnToolsVersion = 9.4.1;
						TestTargetID = 4AC2715A21ACA2AF0074E1A0;
					};
				};
			};
			buildConfigurationList = 4AC2715621ACA2AF0074E1A0 /* Build configuration list for PBXProject "Lava" */;
			compatibilityVersion = "Xcode 9.3";
			developmentRegion = en;
			hasScannedForEncodings = 0;
			knownRegions = (
				en,
				Base,
			);
			mainGroup = 4AC2715221ACA2AF0074E1A0;
			productRefGroup = 4AC2715C21ACA2AF0074E1A0 /* Products */;
			projectDirPath = "";
			projectRoot = "";
			targets = (
				4AC2715A21ACA2AF0074E1A0 /* Lava */,
				4AC2716E21ACA2B00074E1A0 /* LavaTests */,
				4A1F23BB21B075FD000D272B /* LavaClient */,
				4A1F23CE21B075FE000D272B /* LavaClientTests */,
			);
		};
/* End PBXProject section */

/* Begin PBXResourcesBuildPhase section */
		4A1F23BA21B075FD000D272B /* Resources */ = {
			isa = PBXResourcesBuildPhase;
			buildActionMask = 2147483647;
			files = (
				4A1F23C921B075FE000D272B /* LaunchScreen.storyboard in Resources */,
				4A1F23C621B075FE000D272B /* Assets.xcassets in Resources */,
				4A1F23C421B075FD000D272B /* Main.storyboard in Resources */,
			);
			runOnlyForDeploymentPostprocessing = 0;
		};
		4A1F23CD21B075FE000D272B /* Resources */ = {
			isa = PBXResourcesBuildPhase;
			buildActionMask = 2147483647;
			files = (
			);
			runOnlyForDeploymentPostprocessing = 0;
		};
		4AC2715921ACA2AF0074E1A0 /* Resources */ = {
			isa = PBXResourcesBuildPhase;
			buildActionMask = 2147483647;
			files = (
				4AC2716921ACA2B00074E1A0 /* LaunchScreen.storyboard in Resources */,
				4AC2716621ACA2B00074E1A0 /* Assets.xcassets in Resources */,
				4AC2716421ACA2AF0074E1A0 /* Main.storyboard in Resources */,
			);
			runOnlyForDeploymentPostprocessing = 0;
		};
		4AC2716D21ACA2B00074E1A0 /* Resources */ = {
			isa = PBXResourcesBuildPhase;
			buildActionMask = 2147483647;
			files = (
			);
			runOnlyForDeploymentPostprocessing = 0;
		};
/* End PBXResourcesBuildPhase section */

/* Begin PBXSourcesBuildPhase section */
		4A1F23B821B075FD000D272B /* Sources */ = {
			isa = PBXSourcesBuildPhase;
			buildActionMask = 2147483647;
			files = (
				4A821E8521C1AB830077186F /* OrderDetailViewController.swift in Sources */,
				4A3CA38221BEFE02005C7697 /* OpenOrderTableViewCell.swift in Sources */,
				4A85363A21BF36F000CD40D4 /* DashboardViewController.swift in Sources */,
				EB1A7C5E21C04DC8005E11BA /* ClientRequests.swift in Sources */,
				4A1F23DC21B07615000D272B /* Order.swift in Sources */,
				4A1F23DD21B0761B000D272B /* Profile.swift in Sources */,
				4A821E8721C1AC100077186F /* NewOrderViewController.swift in Sources */,
				4A3CA38021BEFC06005C7697 /* OpenOrdersTableViewController.swift in Sources */,
				4A2A605321DFFA35001D5DD9 /* SignInViewController.swift in Sources */,
				4A1F23BF21B075FD000D272B /* AppDelegate.swift in Sources */,
			);
			runOnlyForDeploymentPostprocessing = 0;
		};
		4A1F23CB21B075FE000D272B /* Sources */ = {
			isa = PBXSourcesBuildPhase;
			buildActionMask = 2147483647;
			files = (
				4A1F23D421B075FE000D272B /* LavaClientTests.swift in Sources */,
			);
			runOnlyForDeploymentPostprocessing = 0;
		};
		4AC2715721ACA2AF0074E1A0 /* Sources */ = {
			isa = PBXSourcesBuildPhase;
			buildActionMask = 2147483647;
			files = (
				4AC2718121ACAB500074E1A0 /* Order.swift in Sources */,
				4AC2718321ACB32F0074E1A0 /* Profile.swift in Sources */,
				4AC2716121ACA2AF0074E1A0 /* ViewController.swift in Sources */,
				6D3467B921B9B5B10035D8D4 /* LaundryServerTableViewController.swift in Sources */,
				4AEB10EC21B0659900977249 /* LaundryService.swift in Sources */,
				4AC2715F21ACA2AF0074E1A0 /* AppDelegate.swift in Sources */,
			);
			runOnlyForDeploymentPostprocessing = 0;
		};
		4AC2716B21ACA2B00074E1A0 /* Sources */ = {
			isa = PBXSourcesBuildPhase;
			buildActionMask = 2147483647;
			files = (
				4AC2717421ACA2B00074E1A0 /* LavaTests.swift in Sources */,
			);
			runOnlyForDeploymentPostprocessing = 0;
		};
/* End PBXSourcesBuildPhase section */

/* Begin PBXTargetDependency section */
		4A1F23D121B075FE000D272B /* PBXTargetDependency */ = {
			isa = PBXTargetDependency;
			target = 4A1F23BB21B075FD000D272B /* LavaClient */;
			targetProxy = 4A1F23D021B075FE000D272B /* PBXContainerItemProxy */;
		};
		4AC2717121ACA2B00074E1A0 /* PBXTargetDependency */ = {
			isa = PBXTargetDependency;
			target = 4AC2715A21ACA2AF0074E1A0 /* Lava */;
			targetProxy = 4AC2717021ACA2B00074E1A0 /* PBXContainerItemProxy */;
		};
/* End PBXTargetDependency section */

/* Begin PBXVariantGroup section */
		4A1F23C221B075FD000D272B /* Main.storyboard */ = {
			isa = PBXVariantGroup;
			children = (
				4A1F23C321B075FD000D272B /* Base */,
			);
			name = Main.storyboard;
			sourceTree = "<group>";
		};
		4A1F23C721B075FE000D272B /* LaunchScreen.storyboard */ = {
			isa = PBXVariantGroup;
			children = (
				4A1F23C821B075FE000D272B /* Base */,
			);
			name = LaunchScreen.storyboard;
			sourceTree = "<group>";
		};
		4AC2716221ACA2AF0074E1A0 /* Main.storyboard */ = {
			isa = PBXVariantGroup;
			children = (
				4AC2716321ACA2AF0074E1A0 /* Base */,
			);
			name = Main.storyboard;
			sourceTree = "<group>";
		};
		4AC2716721ACA2B00074E1A0 /* LaunchScreen.storyboard */ = {
			isa = PBXVariantGroup;
			children = (
				4AC2716821ACA2B00074E1A0 /* Base */,
			);
			name = LaunchScreen.storyboard;
			sourceTree = "<group>";
		};
/* End PBXVariantGroup section */

/* Begin XCBuildConfiguration section */
		4A1F23D621B075FE000D272B /* Debug */ = {
			isa = XCBuildConfiguration;
			buildSettings = {
				ASSETCATALOG_COMPILER_APPICON_NAME = AppIcon;
				CODE_SIGN_STYLE = Automatic;
				INFOPLIST_FILE = LavaClient/Info.plist;
				LD_RUNPATH_SEARCH_PATHS = (
					"$(inherited)",
					"@executable_path/Frameworks",
				);
				PRODUCT_BUNDLE_IDENTIFIER = Lava.LavaClient;
				PRODUCT_NAME = "$(TARGET_NAME)";
				SWIFT_VERSION = 4.0;
				TARGETED_DEVICE_FAMILY = "1,2";
			};
			name = Debug;
		};
		4A1F23D721B075FE000D272B /* Release */ = {
			isa = XCBuildConfiguration;
			buildSettings = {
				ASSETCATALOG_COMPILER_APPICON_NAME = AppIcon;
				CODE_SIGN_STYLE = Automatic;
				INFOPLIST_FILE = LavaClient/Info.plist;
				LD_RUNPATH_SEARCH_PATHS = (
					"$(inherited)",
					"@executable_path/Frameworks",
				);
				PRODUCT_BUNDLE_IDENTIFIER = Lava.LavaClient;
				PRODUCT_NAME = "$(TARGET_NAME)";
				SWIFT_VERSION = 4.0;
				TARGETED_DEVICE_FAMILY = "1,2";
			};
			name = Release;
		};
		4A1F23D821B075FE000D272B /* Debug */ = {
			isa = XCBuildConfiguration;
			buildSettings = {
				ALWAYS_EMBED_SWIFT_STANDARD_LIBRARIES = YES;
				BUNDLE_LOADER = "$(TEST_HOST)";
				CODE_SIGN_STYLE = Automatic;
				INFOPLIST_FILE = LavaClientTests/Info.plist;
				LD_RUNPATH_SEARCH_PATHS = (
					"$(inherited)",
					"@executable_path/Frameworks",
					"@loader_path/Frameworks",
				);
				PRODUCT_BUNDLE_IDENTIFIER = Lava.LavaClientTests;
				PRODUCT_NAME = "$(TARGET_NAME)";
				SWIFT_VERSION = 4.0;
				TARGETED_DEVICE_FAMILY = "1,2";
				TEST_HOST = "$(BUILT_PRODUCTS_DIR)/LavaClient.app/LavaClient";
			};
			name = Debug;
		};
		4A1F23D921B075FE000D272B /* Release */ = {
			isa = XCBuildConfiguration;
			buildSettings = {
				ALWAYS_EMBED_SWIFT_STANDARD_LIBRARIES = YES;
				BUNDLE_LOADER = "$(TEST_HOST)";
				CODE_SIGN_STYLE = Automatic;
				INFOPLIST_FILE = LavaClientTests/Info.plist;
				LD_RUNPATH_SEARCH_PATHS = (
					"$(inherited)",
					"@executable_path/Frameworks",
					"@loader_path/Frameworks",
				);
				PRODUCT_BUNDLE_IDENTIFIER = Lava.LavaClientTests;
				PRODUCT_NAME = "$(TARGET_NAME)";
				SWIFT_VERSION = 4.0;
				TARGETED_DEVICE_FAMILY = "1,2";
				TEST_HOST = "$(BUILT_PRODUCTS_DIR)/LavaClient.app/LavaClient";
			};
			name = Release;
		};
		4AC2717621ACA2B00074E1A0 /* Debug */ = {
			isa = XCBuildConfiguration;
			buildSettings = {
				ALWAYS_SEARCH_USER_PATHS = NO;
				CLANG_ANALYZER_NONNULL = YES;
				CLANG_ANALYZER_NUMBER_OBJECT_CONVERSION = YES_AGGRESSIVE;
				CLANG_CXX_LANGUAGE_STANDARD = "gnu++14";
				CLANG_CXX_LIBRARY = "libc++";
				CLANG_ENABLE_MODULES = YES;
				CLANG_ENABLE_OBJC_ARC = YES;
				CLANG_ENABLE_OBJC_WEAK = YES;
				CLANG_WARN_BLOCK_CAPTURE_AUTORELEASING = YES;
				CLANG_WARN_BOOL_CONVERSION = YES;
				CLANG_WARN_COMMA = YES;
				CLANG_WARN_CONSTANT_CONVERSION = YES;
				CLANG_WARN_DEPRECATED_OBJC_IMPLEMENTATIONS = YES;
				CLANG_WARN_DIRECT_OBJC_ISA_USAGE = YES_ERROR;
				CLANG_WARN_DOCUMENTATION_COMMENTS = YES;
				CLANG_WARN_EMPTY_BODY = YES;
				CLANG_WARN_ENUM_CONVERSION = YES;
				CLANG_WARN_INFINITE_RECURSION = YES;
				CLANG_WARN_INT_CONVERSION = YES;
				CLANG_WARN_NON_LITERAL_NULL_CONVERSION = YES;
				CLANG_WARN_OBJC_IMPLICIT_RETAIN_SELF = YES;
				CLANG_WARN_OBJC_LITERAL_CONVERSION = YES;
				CLANG_WARN_OBJC_ROOT_CLASS = YES_ERROR;
				CLANG_WARN_RANGE_LOOP_ANALYSIS = YES;
				CLANG_WARN_STRICT_PROTOTYPES = YES;
				CLANG_WARN_SUSPICIOUS_MOVE = YES;
				CLANG_WARN_UNGUARDED_AVAILABILITY = YES_AGGRESSIVE;
				CLANG_WARN_UNREACHABLE_CODE = YES;
				CLANG_WARN__DUPLICATE_METHOD_MATCH = YES;
				CODE_SIGN_IDENTITY = "iPhone Developer";
				COPY_PHASE_STRIP = NO;
				DEBUG_INFORMATION_FORMAT = dwarf;
				ENABLE_STRICT_OBJC_MSGSEND = YES;
				ENABLE_TESTABILITY = YES;
				GCC_C_LANGUAGE_STANDARD = gnu11;
				GCC_DYNAMIC_NO_PIC = NO;
				GCC_NO_COMMON_BLOCKS = YES;
				GCC_OPTIMIZATION_LEVEL = 0;
				GCC_PREPROCESSOR_DEFINITIONS = (
					"DEBUG=1",
					"$(inherited)",
				);
				GCC_WARN_64_TO_32_BIT_CONVERSION = YES;
				GCC_WARN_ABOUT_RETURN_TYPE = YES_ERROR;
				GCC_WARN_UNDECLARED_SELECTOR = YES;
				GCC_WARN_UNINITIALIZED_AUTOS = YES_AGGRESSIVE;
				GCC_WARN_UNUSED_FUNCTION = YES;
				GCC_WARN_UNUSED_VARIABLE = YES;
				IPHONEOS_DEPLOYMENT_TARGET = 11.4;
				MTL_ENABLE_DEBUG_INFO = YES;
				ONLY_ACTIVE_ARCH = YES;
				SDKROOT = iphoneos;
				SWIFT_ACTIVE_COMPILATION_CONDITIONS = DEBUG;
				SWIFT_OPTIMIZATION_LEVEL = "-Onone";
			};
			name = Debug;
		};
		4AC2717721ACA2B00074E1A0 /* Release */ = {
			isa = XCBuildConfiguration;
			buildSettings = {
				ALWAYS_SEARCH_USER_PATHS = NO;
				CLANG_ANALYZER_NONNULL = YES;
				CLANG_ANALYZER_NUMBER_OBJECT_CONVERSION = YES_AGGRESSIVE;
				CLANG_CXX_LANGUAGE_STANDARD = "gnu++14";
				CLANG_CXX_LIBRARY = "libc++";
				CLANG_ENABLE_MODULES = YES;
				CLANG_ENABLE_OBJC_ARC = YES;
				CLANG_ENABLE_OBJC_WEAK = YES;
				CLANG_WARN_BLOCK_CAPTURE_AUTORELEASING = YES;
				CLANG_WARN_BOOL_CONVERSION = YES;
				CLANG_WARN_COMMA = YES;
				CLANG_WARN_CONSTANT_CONVERSION = YES;
				CLANG_WARN_DEPRECATED_OBJC_IMPLEMENTATIONS = YES;
				CLANG_WARN_DIRECT_OBJC_ISA_USAGE = YES_ERROR;
				CLANG_WARN_DOCUMENTATION_COMMENTS = YES;
				CLANG_WARN_EMPTY_BODY = YES;
				CLANG_WARN_ENUM_CONVERSION = YES;
				CLANG_WARN_INFINITE_RECURSION = YES;
				CLANG_WARN_INT_CONVERSION = YES;
				CLANG_WARN_NON_LITERAL_NULL_CONVERSION = YES;
				CLANG_WARN_OBJC_IMPLICIT_RETAIN_SELF = YES;
				CLANG_WARN_OBJC_LITERAL_CONVERSION = YES;
				CLANG_WARN_OBJC_ROOT_CLASS = YES_ERROR;
				CLANG_WARN_RANGE_LOOP_ANALYSIS = YES;
				CLANG_WARN_STRICT_PROTOTYPES = YES;
				CLANG_WARN_SUSPICIOUS_MOVE = YES;
				CLANG_WARN_UNGUARDED_AVAILABILITY = YES_AGGRESSIVE;
				CLANG_WARN_UNREACHABLE_CODE = YES;
				CLANG_WARN__DUPLICATE_METHOD_MATCH = YES;
				CODE_SIGN_IDENTITY = "iPhone Developer";
				COPY_PHASE_STRIP = NO;
				DEBUG_INFORMATION_FORMAT = "dwarf-with-dsym";
				ENABLE_NS_ASSERTIONS = NO;
				ENABLE_STRICT_OBJC_MSGSEND = YES;
				GCC_C_LANGUAGE_STANDARD = gnu11;
				GCC_NO_COMMON_BLOCKS = YES;
				GCC_WARN_64_TO_32_BIT_CONVERSION = YES;
				GCC_WARN_ABOUT_RETURN_TYPE = YES_ERROR;
				GCC_WARN_UNDECLARED_SELECTOR = YES;
				GCC_WARN_UNINITIALIZED_AUTOS = YES_AGGRESSIVE;
				GCC_WARN_UNUSED_FUNCTION = YES;
				GCC_WARN_UNUSED_VARIABLE = YES;
				IPHONEOS_DEPLOYMENT_TARGET = 11.4;
				MTL_ENABLE_DEBUG_INFO = NO;
				SDKROOT = iphoneos;
				SWIFT_COMPILATION_MODE = wholemodule;
				SWIFT_OPTIMIZATION_LEVEL = "-O";
				VALIDATE_PRODUCT = YES;
			};
			name = Release;
		};
		4AC2717921ACA2B00074E1A0 /* Debug */ = {
			isa = XCBuildConfiguration;
			buildSettings = {
				ASSETCATALOG_COMPILER_APPICON_NAME = AppIcon;
				CODE_SIGN_STYLE = Automatic;
				INFOPLIST_FILE = Lava/Info.plist;
				LD_RUNPATH_SEARCH_PATHS = (
					"$(inherited)",
					"@executable_path/Frameworks",
				);
				PRODUCT_BUNDLE_IDENTIFIER = williamscollege.Lava;
				PRODUCT_NAME = "$(TARGET_NAME)";
				SWIFT_VERSION = 4.0;
				TARGETED_DEVICE_FAMILY = "1,2";
			};
			name = Debug;
		};
		4AC2717A21ACA2B00074E1A0 /* Release */ = {
			isa = XCBuildConfiguration;
			buildSettings = {
				ASSETCATALOG_COMPILER_APPICON_NAME = AppIcon;
				CODE_SIGN_STYLE = Automatic;
				INFOPLIST_FILE = Lava/Info.plist;
				LD_RUNPATH_SEARCH_PATHS = (
					"$(inherited)",
					"@executable_path/Frameworks",
				);
				PRODUCT_BUNDLE_IDENTIFIER = williamscollege.Lava;
				PRODUCT_NAME = "$(TARGET_NAME)";
				SWIFT_VERSION = 4.0;
				TARGETED_DEVICE_FAMILY = "1,2";
			};
			name = Release;
		};
		4AC2717C21ACA2B00074E1A0 /* Debug */ = {
			isa = XCBuildConfiguration;
			buildSettings = {
				ALWAYS_EMBED_SWIFT_STANDARD_LIBRARIES = YES;
				BUNDLE_LOADER = "$(TEST_HOST)";
				CODE_SIGN_STYLE = Automatic;
				INFOPLIST_FILE = LavaTests/Info.plist;
				LD_RUNPATH_SEARCH_PATHS = (
					"$(inherited)",
					"@executable_path/Frameworks",
					"@loader_path/Frameworks",
				);
				PRODUCT_BUNDLE_IDENTIFIER = williamscollege.LavaTests;
				PRODUCT_NAME = "$(TARGET_NAME)";
				SWIFT_VERSION = 4.0;
				TARGETED_DEVICE_FAMILY = "1,2";
				TEST_HOST = "$(BUILT_PRODUCTS_DIR)/Lava.app/Lava";
			};
			name = Debug;
		};
		4AC2717D21ACA2B00074E1A0 /* Release */ = {
			isa = XCBuildConfiguration;
			buildSettings = {
				ALWAYS_EMBED_SWIFT_STANDARD_LIBRARIES = YES;
				BUNDLE_LOADER = "$(TEST_HOST)";
				CODE_SIGN_STYLE = Automatic;
				INFOPLIST_FILE = LavaTests/Info.plist;
				LD_RUNPATH_SEARCH_PATHS = (
					"$(inherited)",
					"@executable_path/Frameworks",
					"@loader_path/Frameworks",
				);
				PRODUCT_BUNDLE_IDENTIFIER = williamscollege.LavaTests;
				PRODUCT_NAME = "$(TARGET_NAME)";
				SWIFT_VERSION = 4.0;
				TARGETED_DEVICE_FAMILY = "1,2";
				TEST_HOST = "$(BUILT_PRODUCTS_DIR)/Lava.app/Lava";
			};
			name = Release;
		};
/* End XCBuildConfiguration section */

/* Begin XCConfigurationList section */
		4A1F23DA21B075FE000D272B /* Build configuration list for PBXNativeTarget "LavaClient" */ = {
			isa = XCConfigurationList;
			buildConfigurations = (
				4A1F23D621B075FE000D272B /* Debug */,
				4A1F23D721B075FE000D272B /* Release */,
			);
			defaultConfigurationIsVisible = 0;
			defaultConfigurationName = Release;
		};
		4A1F23DB21B075FE000D272B /* Build configuration list for PBXNativeTarget "LavaClientTests" */ = {
			isa = XCConfigurationList;
			buildConfigurations = (
				4A1F23D821B075FE000D272B /* Debug */,
				4A1F23D921B075FE000D272B /* Release */,
			);
			defaultConfigurationIsVisible = 0;
			defaultConfigurationName = Release;
		};
		4AC2715621ACA2AF0074E1A0 /* Build configuration list for PBXProject "Lava" */ = {
			isa = XCConfigurationList;
			buildConfigurations = (
				4AC2717621ACA2B00074E1A0 /* Debug */,
				4AC2717721ACA2B00074E1A0 /* Release */,
			);
			defaultConfigurationIsVisible = 0;
			defaultConfigurationName = Release;
		};
		4AC2717821ACA2B00074E1A0 /* Build configuration list for PBXNativeTarget "Lava" */ = {
			isa = XCConfigurationList;
			buildConfigurations = (
				4AC2717921ACA2B00074E1A0 /* Debug */,
				4AC2717A21ACA2B00074E1A0 /* Release */,
			);
			defaultConfigurationIsVisible = 0;
			defaultConfigurationName = Release;
		};
		4AC2717B21ACA2B00074E1A0 /* Build configuration list for PBXNativeTarget "LavaTests" */ = {
			isa = XCConfigurationList;
			buildConfigurations = (
				4AC2717C21ACA2B00074E1A0 /* Debug */,
				4AC2717D21ACA2B00074E1A0 /* Release */,
			);
			defaultConfigurationIsVisible = 0;
			defaultConfigurationName = Release;
		};
/* End XCConfigurationList section */
	};
	rootObject = 4AC2715321ACA2AF0074E1A0 /* Project object */;
}
